# THIS IS AN AUTOGENERATED FILE. DO NOT EDIT THIS FILE DIRECTLY.
# yarn lockfile v1


"@ethersproject/abi@5.4.1", "@ethersproject/abi@^5.4.0":
  version "5.4.1"
  resolved "https://registry.nlark.com/@ethersproject/abi/download/@ethersproject/abi-5.4.1.tgz#6ac28fafc9ef6f5a7a37e30356a2eb31fa05d39b"
  integrity sha1-asKPr8nvb1p6N+MDVqLrMfoF05s=
  dependencies:
    "@ethersproject/address" "^5.4.0"
    "@ethersproject/bignumber" "^5.4.0"
    "@ethersproject/bytes" "^5.4.0"
    "@ethersproject/constants" "^5.4.0"
    "@ethersproject/hash" "^5.4.0"
    "@ethersproject/keccak256" "^5.4.0"
    "@ethersproject/logger" "^5.4.0"
    "@ethersproject/properties" "^5.4.0"
    "@ethersproject/strings" "^5.4.0"

"@ethersproject/abstract-provider@5.4.1", "@ethersproject/abstract-provider@^5.4.0":
  version "5.4.1"
  resolved "https://registry.nlark.com/@ethersproject/abstract-provider/download/@ethersproject/abstract-provider-5.4.1.tgz#e404309a29f771bd4d28dbafadcaa184668c2a6e"
  integrity sha1-5AQwmin3cb1NKNuvrcqhhGaMKm4=
  dependencies:
    "@ethersproject/bignumber" "^5.4.0"
    "@ethersproject/bytes" "^5.4.0"
    "@ethersproject/logger" "^5.4.0"
    "@ethersproject/networks" "^5.4.0"
    "@ethersproject/properties" "^5.4.0"
    "@ethersproject/transactions" "^5.4.0"
    "@ethersproject/web" "^5.4.0"

"@ethersproject/abstract-signer@5.4.1", "@ethersproject/abstract-signer@^5.4.0":
  version "5.4.1"
  resolved "https://registry.nlark.com/@ethersproject/abstract-signer/download/@ethersproject/abstract-signer-5.4.1.tgz#e4e9abcf4dd4f1ba0db7dff9746a5f78f355ea81"
  integrity sha1-5Omrz03U8boNt9/5dGpfePNV6oE=
  dependencies:
    "@ethersproject/abstract-provider" "^5.4.0"
    "@ethersproject/bignumber" "^5.4.0"
    "@ethersproject/bytes" "^5.4.0"
    "@ethersproject/logger" "^5.4.0"
    "@ethersproject/properties" "^5.4.0"

"@ethersproject/address@5.4.0", "@ethersproject/address@^5.4.0":
  version "5.4.0"
  resolved "https://registry.nlark.com/@ethersproject/address/download/@ethersproject/address-5.4.0.tgz?cache=0&sync_timestamp=1624728038296&other_urls=https%3A%2F%2Fregistry.nlark.com%2F%40ethersproject%2Faddress%2Fdownload%2F%40ethersproject%2Faddress-5.4.0.tgz#ba2d00a0f8c4c0854933b963b9a3a9f6eb4a37a3"
  integrity sha1-ui0AoPjEwIVJM7ljuaOp9utKN6M=
  dependencies:
    "@ethersproject/bignumber" "^5.4.0"
    "@ethersproject/bytes" "^5.4.0"
    "@ethersproject/keccak256" "^5.4.0"
    "@ethersproject/logger" "^5.4.0"
    "@ethersproject/rlp" "^5.4.0"

"@ethersproject/base64@5.4.0", "@ethersproject/base64@^5.4.0":
  version "5.4.0"
  resolved "https://registry.nlark.com/@ethersproject/base64/download/@ethersproject/base64-5.4.0.tgz?cache=0&sync_timestamp=1624728036747&other_urls=https%3A%2F%2Fregistry.nlark.com%2F%40ethersproject%2Fbase64%2Fdownload%2F%40ethersproject%2Fbase64-5.4.0.tgz#7252bf65295954c9048c7ca5f43e5c86441b2a9a"
  integrity sha1-clK/ZSlZVMkEjHyl9D5chkQbKpo=
  dependencies:
    "@ethersproject/bytes" "^5.4.0"

"@ethersproject/basex@5.4.0", "@ethersproject/basex@^5.4.0":
  version "5.4.0"
  resolved "https://registry.nlark.com/@ethersproject/basex/download/@ethersproject/basex-5.4.0.tgz#0a2da0f4e76c504a94f2b21d3161ed9438c7f8a6"
  integrity sha1-Ci2g9OdsUEqU8rIdMWHtlDjH+KY=
  dependencies:
    "@ethersproject/bytes" "^5.4.0"
    "@ethersproject/properties" "^5.4.0"

"@ethersproject/bignumber@5.4.2", "@ethersproject/bignumber@^5.4.0":
  version "5.4.2"
  resolved "https://registry.nlark.com/@ethersproject/bignumber/download/@ethersproject/bignumber-5.4.2.tgz#44232e015ae4ce82ac034de549eb3583c71283d8"
  integrity sha1-RCMuAVrkzoKsA03lSes1g8cSg9g=
  dependencies:
    "@ethersproject/bytes" "^5.4.0"
    "@ethersproject/logger" "^5.4.0"
    bn.js "^4.11.9"

"@ethersproject/bytes@5.4.0", "@ethersproject/bytes@^5.4.0":
  version "5.4.0"
  resolved "https://registry.nlark.com/@ethersproject/bytes/download/@ethersproject/bytes-5.4.0.tgz?cache=0&sync_timestamp=1624728036564&other_urls=https%3A%2F%2Fregistry.nlark.com%2F%40ethersproject%2Fbytes%2Fdownload%2F%40ethersproject%2Fbytes-5.4.0.tgz#56fa32ce3bf67153756dbaefda921d1d4774404e"
  integrity sha1-Vvoyzjv2cVN1bbrv2pIdHUd0QE4=
  dependencies:
    "@ethersproject/logger" "^5.4.0"

"@ethersproject/constants@5.4.0", "@ethersproject/constants@^5.4.0":
  version "5.4.0"
  resolved "https://registry.nlark.com/@ethersproject/constants/download/@ethersproject/constants-5.4.0.tgz?cache=0&sync_timestamp=1624728037267&other_urls=https%3A%2F%2Fregistry.nlark.com%2F%40ethersproject%2Fconstants%2Fdownload%2F%40ethersproject%2Fconstants-5.4.0.tgz#ee0bdcb30bf1b532d2353c977bf2ef1ee117958a"
  integrity sha1-7gvcswvxtTLSNTyXe/LvHuEXlYo=
  dependencies:
    "@ethersproject/bignumber" "^5.4.0"

"@ethersproject/contracts@5.4.1":
  version "5.4.1"
  resolved "https://registry.nlark.com/@ethersproject/contracts/download/@ethersproject/contracts-5.4.1.tgz?cache=0&sync_timestamp=1627655906712&other_urls=https%3A%2F%2Fregistry.nlark.com%2F%40ethersproject%2Fcontracts%2Fdownload%2F%40ethersproject%2Fcontracts-5.4.1.tgz#3eb4f35b7fe60a962a75804ada2746494df3e470"
  integrity sha1-PrTzW3/mCpYqdYBK2idGSU3z5HA=
  dependencies:
    "@ethersproject/abi" "^5.4.0"
    "@ethersproject/abstract-provider" "^5.4.0"
    "@ethersproject/abstract-signer" "^5.4.0"
    "@ethersproject/address" "^5.4.0"
    "@ethersproject/bignumber" "^5.4.0"
    "@ethersproject/bytes" "^5.4.0"
    "@ethersproject/constants" "^5.4.0"
    "@ethersproject/logger" "^5.4.0"
    "@ethersproject/properties" "^5.4.0"
    "@ethersproject/transactions" "^5.4.0"

"@ethersproject/hash@5.4.0", "@ethersproject/hash@^5.4.0":
  version "5.4.0"
  resolved "https://registry.nlark.com/@ethersproject/hash/download/@ethersproject/hash-5.4.0.tgz?cache=0&sync_timestamp=1624728040019&other_urls=https%3A%2F%2Fregistry.nlark.com%2F%40ethersproject%2Fhash%2Fdownload%2F%40ethersproject%2Fhash-5.4.0.tgz#d18a8e927e828e22860a011f39e429d388344ae0"
  integrity sha1-0YqOkn6CjiKGCgEfOeQp04g0SuA=
  dependencies:
    "@ethersproject/abstract-signer" "^5.4.0"
    "@ethersproject/address" "^5.4.0"
    "@ethersproject/bignumber" "^5.4.0"
    "@ethersproject/bytes" "^5.4.0"
    "@ethersproject/keccak256" "^5.4.0"
    "@ethersproject/logger" "^5.4.0"
    "@ethersproject/properties" "^5.4.0"
    "@ethersproject/strings" "^5.4.0"

"@ethersproject/hdnode@5.4.0", "@ethersproject/hdnode@^5.4.0":
  version "5.4.0"
  resolved "https://registry.nlark.com/@ethersproject/hdnode/download/@ethersproject/hdnode-5.4.0.tgz#4bc9999b9a12eb5ce80c5faa83114a57e4107cac"
  integrity sha1-S8mZm5oS61zoDF+qgxFKV+QQfKw=
  dependencies:
    "@ethersproject/abstract-signer" "^5.4.0"
    "@ethersproject/basex" "^5.4.0"
    "@ethersproject/bignumber" "^5.4.0"
    "@ethersproject/bytes" "^5.4.0"
    "@ethersproject/logger" "^5.4.0"
    "@ethersproject/pbkdf2" "^5.4.0"
    "@ethersproject/properties" "^5.4.0"
    "@ethersproject/sha2" "^5.4.0"
    "@ethersproject/signing-key" "^5.4.0"
    "@ethersproject/strings" "^5.4.0"
    "@ethersproject/transactions" "^5.4.0"
    "@ethersproject/wordlists" "^5.4.0"

"@ethersproject/json-wallets@5.4.0", "@ethersproject/json-wallets@^5.4.0":
  version "5.4.0"
  resolved "https://registry.nlark.com/@ethersproject/json-wallets/download/@ethersproject/json-wallets-5.4.0.tgz#2583341cfe313fc9856642e8ace3080154145e95"
  integrity sha1-JYM0HP4xP8mFZkLorOMIAVQUXpU=
  dependencies:
    "@ethersproject/abstract-signer" "^5.4.0"
    "@ethersproject/address" "^5.4.0"
    "@ethersproject/bytes" "^5.4.0"
    "@ethersproject/hdnode" "^5.4.0"
    "@ethersproject/keccak256" "^5.4.0"
    "@ethersproject/logger" "^5.4.0"
    "@ethersproject/pbkdf2" "^5.4.0"
    "@ethersproject/properties" "^5.4.0"
    "@ethersproject/random" "^5.4.0"
    "@ethersproject/strings" "^5.4.0"
    "@ethersproject/transactions" "^5.4.0"
    aes-js "3.0.0"
    scrypt-js "3.0.1"

"@ethersproject/keccak256@5.4.0", "@ethersproject/keccak256@^5.4.0":
  version "5.4.0"
  resolved "https://registry.nlark.com/@ethersproject/keccak256/download/@ethersproject/keccak256-5.4.0.tgz?cache=0&sync_timestamp=1624728037097&other_urls=https%3A%2F%2Fregistry.nlark.com%2F%40ethersproject%2Fkeccak256%2Fdownload%2F%40ethersproject%2Fkeccak256-5.4.0.tgz#7143b8eea4976080241d2bd92e3b1f1bf7025318"
  integrity sha1-cUO47qSXYIAkHSvZLjsfG/cCUxg=
  dependencies:
    "@ethersproject/bytes" "^5.4.0"
    js-sha3 "0.5.7"

"@ethersproject/logger@5.4.1", "@ethersproject/logger@^5.4.0":
  version "5.4.1"
  resolved "https://registry.nlark.com/@ethersproject/logger/download/@ethersproject/logger-5.4.1.tgz#503bd33683538b923c578c07d1c2c0dd18672054"
  integrity sha1-UDvTNoNTi5I8V4wH0cLA3RhnIFQ=

"@ethersproject/networks@5.4.2", "@ethersproject/networks@^5.4.0":
  version "5.4.2"
  resolved "https://registry.nlark.com/@ethersproject/networks/download/@ethersproject/networks-5.4.2.tgz?cache=0&sync_timestamp=1628137236216&other_urls=https%3A%2F%2Fregistry.nlark.com%2F%40ethersproject%2Fnetworks%2Fdownload%2F%40ethersproject%2Fnetworks-5.4.2.tgz#2247d977626e97e2c3b8ee73cd2457babde0ce35"
  integrity sha1-IkfZd2Jul+LDuO5zzSRXur3gzjU=
  dependencies:
    "@ethersproject/logger" "^5.4.0"

"@ethersproject/pbkdf2@5.4.0", "@ethersproject/pbkdf2@^5.4.0":
  version "5.4.0"
  resolved "https://registry.nlark.com/@ethersproject/pbkdf2/download/@ethersproject/pbkdf2-5.4.0.tgz#ed88782a67fda1594c22d60d0ca911a9d669641c"
  integrity sha1-7Yh4Kmf9oVlMItYNDKkRqdZpZBw=
  dependencies:
    "@ethersproject/bytes" "^5.4.0"
    "@ethersproject/sha2" "^5.4.0"

"@ethersproject/properties@5.4.1", "@ethersproject/properties@^5.4.0":
  version "5.4.1"
  resolved "https://registry.nlark.com/@ethersproject/properties/download/@ethersproject/properties-5.4.1.tgz#9f051f976ce790142c6261ccb7b826eaae1f2f36"
  integrity sha1-nwUfl2znkBQsYmHMt7gm6q4fLzY=
  dependencies:
    "@ethersproject/logger" "^5.4.0"

"@ethersproject/providers@5.4.5":
  version "5.4.5"
  resolved "https://registry.nlark.com/@ethersproject/providers/download/@ethersproject/providers-5.4.5.tgz#eb2ea2a743a8115f79604a8157233a3a2c832928"
  integrity sha1-6y6ip0OoEV95YEqBVyM6OiyDKSg=
  dependencies:
    "@ethersproject/abstract-provider" "^5.4.0"
    "@ethersproject/abstract-signer" "^5.4.0"
    "@ethersproject/address" "^5.4.0"
    "@ethersproject/basex" "^5.4.0"
    "@ethersproject/bignumber" "^5.4.0"
    "@ethersproject/bytes" "^5.4.0"
    "@ethersproject/constants" "^5.4.0"
    "@ethersproject/hash" "^5.4.0"
    "@ethersproject/logger" "^5.4.0"
    "@ethersproject/networks" "^5.4.0"
    "@ethersproject/properties" "^5.4.0"
    "@ethersproject/random" "^5.4.0"
    "@ethersproject/rlp" "^5.4.0"
    "@ethersproject/sha2" "^5.4.0"
    "@ethersproject/strings" "^5.4.0"
    "@ethersproject/transactions" "^5.4.0"
    "@ethersproject/web" "^5.4.0"
    bech32 "1.1.4"
    ws "7.4.6"

"@ethersproject/random@5.4.0", "@ethersproject/random@^5.4.0":
  version "5.4.0"
  resolved "https://registry.nlark.com/@ethersproject/random/download/@ethersproject/random-5.4.0.tgz#9cdde60e160d024be39cc16f8de3b9ce39191e16"
  integrity sha1-nN3mDhYNAkvjnMFvjeO5zjkZHhY=
  dependencies:
    "@ethersproject/bytes" "^5.4.0"
    "@ethersproject/logger" "^5.4.0"

"@ethersproject/rlp@5.4.0", "@ethersproject/rlp@^5.4.0":
  version "5.4.0"
  resolved "https://registry.nlark.com/@ethersproject/rlp/download/@ethersproject/rlp-5.4.0.tgz?cache=0&sync_timestamp=1624728037981&other_urls=https%3A%2F%2Fregistry.nlark.com%2F%40ethersproject%2Frlp%2Fdownload%2F%40ethersproject%2Frlp-5.4.0.tgz#de61afda5ff979454e76d3b3310a6c32ad060931"
  integrity sha1-3mGv2l/5eUVOdtOzMQpsMq0GCTE=
  dependencies:
    "@ethersproject/bytes" "^5.4.0"
    "@ethersproject/logger" "^5.4.0"

"@ethersproject/sha2@5.4.0", "@ethersproject/sha2@^5.4.0":
  version "5.4.0"
  resolved "https://registry.nlark.com/@ethersproject/sha2/download/@ethersproject/sha2-5.4.0.tgz#c9a8db1037014cbc4e9482bd662f86c090440371"
  integrity sha1-yajbEDcBTLxOlIK9Zi+GwJBEA3E=
  dependencies:
    "@ethersproject/bytes" "^5.4.0"
    "@ethersproject/logger" "^5.4.0"
    hash.js "1.1.7"

"@ethersproject/signing-key@5.4.0", "@ethersproject/signing-key@^5.4.0":
  version "5.4.0"
  resolved "https://registry.nlark.com/@ethersproject/signing-key/download/@ethersproject/signing-key-5.4.0.tgz?cache=0&sync_timestamp=1624728038787&other_urls=https%3A%2F%2Fregistry.nlark.com%2F%40ethersproject%2Fsigning-key%2Fdownload%2F%40ethersproject%2Fsigning-key-5.4.0.tgz#2f05120984e81cf89a3d5f6dec5c68ee0894fbec"
  integrity sha1-LwUSCYToHPiaPV9t7Fxo7giU++w=
  dependencies:
    "@ethersproject/bytes" "^5.4.0"
    "@ethersproject/logger" "^5.4.0"
    "@ethersproject/properties" "^5.4.0"
    bn.js "^4.11.9"
    elliptic "6.5.4"
    hash.js "1.1.7"

"@ethersproject/solidity@5.4.0":
  version "5.4.0"
  resolved "https://registry.nlark.com/@ethersproject/solidity/download/@ethersproject/solidity-5.4.0.tgz#1305e058ea02dc4891df18b33232b11a14ece9ec"
  integrity sha1-EwXgWOoC3EiR3xizMjKxGhTs6ew=
  dependencies:
    "@ethersproject/bignumber" "^5.4.0"
    "@ethersproject/bytes" "^5.4.0"
    "@ethersproject/keccak256" "^5.4.0"
    "@ethersproject/sha2" "^5.4.0"
    "@ethersproject/strings" "^5.4.0"

"@ethersproject/strings@5.4.0", "@ethersproject/strings@^5.4.0":
  version "5.4.0"
  resolved "https://registry.nlark.com/@ethersproject/strings/download/@ethersproject/strings-5.4.0.tgz?cache=0&sync_timestamp=1624728038958&other_urls=https%3A%2F%2Fregistry.nlark.com%2F%40ethersproject%2Fstrings%2Fdownload%2F%40ethersproject%2Fstrings-5.4.0.tgz#fb12270132dd84b02906a8d895ae7e7fa3d07d9a"
  integrity sha1-+xInATLdhLApBqjYla5+f6PQfZo=
  dependencies:
    "@ethersproject/bytes" "^5.4.0"
    "@ethersproject/constants" "^5.4.0"
    "@ethersproject/logger" "^5.4.0"

"@ethersproject/transactions@5.4.0", "@ethersproject/transactions@^5.4.0":
  version "5.4.0"
  resolved "https://registry.nlark.com/@ethersproject/transactions/download/@ethersproject/transactions-5.4.0.tgz?cache=0&sync_timestamp=1624728039133&other_urls=https%3A%2F%2Fregistry.nlark.com%2F%40ethersproject%2Ftransactions%2Fdownload%2F%40ethersproject%2Ftransactions-5.4.0.tgz#a159d035179334bd92f340ce0f77e83e9e1522e0"
  integrity sha1-oVnQNReTNL2S80DOD3foPp4VIuA=
  dependencies:
    "@ethersproject/address" "^5.4.0"
    "@ethersproject/bignumber" "^5.4.0"
    "@ethersproject/bytes" "^5.4.0"
    "@ethersproject/constants" "^5.4.0"
    "@ethersproject/keccak256" "^5.4.0"
    "@ethersproject/logger" "^5.4.0"
    "@ethersproject/properties" "^5.4.0"
    "@ethersproject/rlp" "^5.4.0"
    "@ethersproject/signing-key" "^5.4.0"

"@ethersproject/units@5.4.0":
  version "5.4.0"
  resolved "https://registry.nlark.com/@ethersproject/units/download/@ethersproject/units-5.4.0.tgz#d57477a4498b14b88b10396062c8cbbaf20c79fe"
  integrity sha1-1XR3pEmLFLiLEDlgYsjLuvIMef4=
  dependencies:
    "@ethersproject/bignumber" "^5.4.0"
    "@ethersproject/constants" "^5.4.0"
    "@ethersproject/logger" "^5.4.0"

"@ethersproject/wallet@5.4.0":
  version "5.4.0"
  resolved "https://registry.nlark.com/@ethersproject/wallet/download/@ethersproject/wallet-5.4.0.tgz#fa5b59830b42e9be56eadd45a16a2e0933ad9353"
  integrity sha1-+ltZgwtC6b5W6t1FoWouCTOtk1M=
  dependencies:
    "@ethersproject/abstract-provider" "^5.4.0"
    "@ethersproject/abstract-signer" "^5.4.0"
    "@ethersproject/address" "^5.4.0"
    "@ethersproject/bignumber" "^5.4.0"
    "@ethersproject/bytes" "^5.4.0"
    "@ethersproject/hash" "^5.4.0"
    "@ethersproject/hdnode" "^5.4.0"
    "@ethersproject/json-wallets" "^5.4.0"
    "@ethersproject/keccak256" "^5.4.0"
    "@ethersproject/logger" "^5.4.0"
    "@ethersproject/properties" "^5.4.0"
    "@ethersproject/random" "^5.4.0"
    "@ethersproject/signing-key" "^5.4.0"
    "@ethersproject/transactions" "^5.4.0"
    "@ethersproject/wordlists" "^5.4.0"

"@ethersproject/web@5.4.0", "@ethersproject/web@^5.4.0":
  version "5.4.0"
  resolved "https://registry.nlark.com/@ethersproject/web/download/@ethersproject/web-5.4.0.tgz?cache=0&sync_timestamp=1624728039486&other_urls=https%3A%2F%2Fregistry.nlark.com%2F%40ethersproject%2Fweb%2Fdownload%2F%40ethersproject%2Fweb-5.4.0.tgz#49fac173b96992334ed36a175538ba07a7413d1f"
  integrity sha1-SfrBc7lpkjNO02oXVTi6B6dBPR8=
  dependencies:
    "@ethersproject/base64" "^5.4.0"
    "@ethersproject/bytes" "^5.4.0"
    "@ethersproject/logger" "^5.4.0"
    "@ethersproject/properties" "^5.4.0"
    "@ethersproject/strings" "^5.4.0"

"@ethersproject/wordlists@5.4.0", "@ethersproject/wordlists@^5.4.0":
  version "5.4.0"
  resolved "https://registry.nlark.com/@ethersproject/wordlists/download/@ethersproject/wordlists-5.4.0.tgz#f34205ec3bbc9e2c49cadaee774cf0b07e7573d7"
  integrity sha1-80IF7Du8nixJytrud0zwsH51c9c=
  dependencies:
    "@ethersproject/bytes" "^5.4.0"
    "@ethersproject/hash" "^5.4.0"
    "@ethersproject/logger" "^5.4.0"
    "@ethersproject/properties" "^5.4.0"
    "@ethersproject/strings" "^5.4.0"

aes-js@3.0.0:
  version "3.0.0"
  resolved "https://registry.npm.taobao.org/aes-js/download/aes-js-3.0.0.tgz#e21df10ad6c2053295bcbb8dab40b09dbea87e4d"
  integrity sha1-4h3xCtbCBTKVvLuNq0Cwnb6ofk0=

bech32@1.1.4:
  version "1.1.4"
  resolved "https://registry.npm.taobao.org/bech32/download/bech32-1.1.4.tgz#e38c9f37bf179b8eb16ae3a772b40c356d4832e9"
  integrity sha1-44yfN78Xm46xauOncrQMNW1IMuk=

bn.js@^4.11.9:
  version "4.12.0"
  resolved "https://registry.npm.taobao.org/bn.js/download/bn.js-4.12.0.tgz#775b3f278efbb9718eec7361f483fb36fbbfea88"
  integrity sha1-d1s/J477uXGO7HNh9IP7Nvu/6og=

brorand@^1.1.0:
  version "1.1.0"
  resolved "https://registry.nlark.com/brorand/download/brorand-1.1.0.tgz#12c25efe40a45e3c323eb8675a0a0ce57b22371f"
  integrity sha1-EsJe/kCkXjwyPrhnWgoM5XsiNx8=

elliptic@6.5.4:
  version "6.5.4"
  resolved "https://registry.npm.taobao.org/elliptic/download/elliptic-6.5.4.tgz#da37cebd31e79a1367e941b592ed1fbebd58abbb"
  integrity sha1-2jfOvTHnmhNn6UG1ku0fvr1Yq7s=
  dependencies:
    bn.js "^4.11.9"
    brorand "^1.1.0"
    hash.js "^1.0.0"
    hmac-drbg "^1.0.1"
    inherits "^2.0.4"
    minimalistic-assert "^1.0.1"
    minimalistic-crypto-utils "^1.0.1"

ethers@^5.4.7:
  version "5.4.7"
  resolved "https://registry.nlark.com/ethers/download/ethers-5.4.7.tgz#0fd491a5da7c9793de2d6058d76b41b1e7efba8f"
  integrity sha1-D9SRpdp8l5PeLWBY12tBsefvuo8=
  dependencies:
    "@ethersproject/abi" "5.4.1"
    "@ethersproject/abstract-provider" "5.4.1"
    "@ethersproject/abstract-signer" "5.4.1"
    "@ethersproject/address" "5.4.0"
    "@ethersproject/base64" "5.4.0"
    "@ethersproject/basex" "5.4.0"
    "@ethersproject/bignumber" "5.4.2"
    "@ethersproject/bytes" "5.4.0"
    "@ethersproject/constants" "5.4.0"
    "@ethersproject/contracts" "5.4.1"
    "@ethersproject/hash" "5.4.0"
    "@ethersproject/hdnode" "5.4.0"
    "@ethersproject/json-wallets" "5.4.0"
    "@ethersproject/keccak256" "5.4.0"
    "@ethersproject/logger" "5.4.1"
    "@ethersproject/networks" "5.4.2"
    "@ethersproject/pbkdf2" "5.4.0"
    "@ethersproject/properties" "5.4.1"
    "@ethersproject/providers" "5.4.5"
    "@ethersproject/random" "5.4.0"
    "@ethersproject/rlp" "5.4.0"
    "@ethersproject/sha2" "5.4.0"
    "@ethersproject/signing-key" "5.4.0"
    "@ethersproject/solidity" "5.4.0"
    "@ethersproject/strings" "5.4.0"
    "@ethersproject/transactions" "5.4.0"
    "@ethersproject/units" "5.4.0"
    "@ethersproject/wallet" "5.4.0"
    "@ethersproject/web" "5.4.0"
    "@ethersproject/wordlists" "5.4.0"

hash.js@1.1.7, hash.js@^1.0.0, hash.js@^1.0.3:
  version "1.1.7"
  resolved "https://registry.nlark.com/hash.js/download/hash.js-1.1.7.tgz?cache=0&sync_timestamp=1622643346539&other_urls=https%3A%2F%2Fregistry.nlark.com%2Fhash.js%2Fdownload%2Fhash.js-1.1.7.tgz#0babca538e8d4ee4a0f8988d68866537a003cf42"
  integrity sha1-C6vKU46NTuSg+JiNaIZlN6ADz0I=
  dependencies:
    inherits "^2.0.3"
    minimalistic-assert "^1.0.1"

hmac-drbg@^1.0.1:
  version "1.0.1"
  resolved "https://registry.nlark.com/hmac-drbg/download/hmac-drbg-1.0.1.tgz#d2745701025a6c775a6c545793ed502fc0c649a1"
  integrity sha1-0nRXAQJabHdabFRXk+1QL8DGSaE=
  dependencies:
    hash.js "^1.0.3"
    minimalistic-assert "^1.0.0"
    minimalistic-crypto-utils "^1.0.1"

inherits@^2.0.3, inherits@^2.0.4:
  version "2.0.4"
  resolved "https://registry.nlark.com/inherits/download/inherits-2.0.4.tgz#0fa2c64f932917c3433a0ded55363aae37416b7c"
  integrity sha1-D6LGT5MpF8NDOg3tVTY6rjdBa3w=

js-sha3@0.5.7:
  version "0.5.7"
  resolved "https://registry.npm.taobao.org/js-sha3/download/js-sha3-0.5.7.tgz#0d4ffd8002d5333aabaf4a23eed2f6374c9f28e7"
  integrity sha1-DU/9gALVMzqrr0oj7tL2N0yfKOc=

minimalistic-assert@^1.0.0, minimalistic-assert@^1.0.1:
  version "1.0.1"
  resolved "https://registry.nlark.com/minimalistic-assert/download/minimalistic-assert-1.0.1.tgz#2e194de044626d4a10e7f7fbc00ce73e83e4d5c7"
  integrity sha1-LhlN4ERibUoQ5/f7wAznPoPk1cc=

minimalistic-crypto-utils@^1.0.1:
  version "1.0.1"
  resolved "https://registry.nlark.com/minimalistic-crypto-utils/download/minimalistic-crypto-utils-1.0.1.tgz#f6c00c1c0b082246e5c4d99dfb8c7c083b2b582a"
  integrity sha1-9sAMHAsIIkblxNmd+4x8CDsrWCo=

node-fetch@^2.0.0:
  version "2.6.5"
  resolved "https://registry.npmmirror.com/node-fetch/download/node-fetch-2.6.5.tgz#42735537d7f080a7e5f78b6c549b7146be1742fd"
  integrity sha1-QnNVN9fwgKfl94tsVJtxRr4XQv0=
  dependencies:
    whatwg-url "^5.0.0"

scrypt-js@3.0.1:
  version "3.0.1"
  resolved "https://registry.npm.taobao.org/scrypt-js/download/scrypt-js-3.0.1.tgz#d314a57c2aef69d1ad98a138a21fe9eafa9ee312"
  integrity sha1-0xSlfCrvadGtmKE4oh/p6vqe4xI=

tr46@~0.0.3:
  version "0.0.3"
  resolved "https://registry.npmmirror.com/tr46/download/tr46-0.0.3.tgz?cache=0&other_urls=https%3A%2F%2Fregistry.npmmirror.com%2Ftr46%2Fdownload%2Ftr46-0.0.3.tgz#8184fd347dac9cdc185992f3a6622e14b9d9ab6a"
  integrity sha1-gYT9NH2snNwYWZLzpmIuFLnZq2o=

webidl-conversions@^3.0.0:
  version "3.0.1"
  resolved "https://registry.nlark.com/webidl-conversions/download/webidl-conversions-3.0.1.tgz#24534275e2a7bc6be7bc86611cc16ae0a5654871"
  integrity sha1-JFNCdeKnvGvnvIZhHMFq4KVlSHE=

whatwg-url@^5.0.0:
  version "5.0.0"
  resolved "https://registry.npmmirror.com/whatwg-url/download/whatwg-url-5.0.0.tgz?cache=0&sync_timestamp=1633539062585&other_urls=https%3A%2F%2Fregistry.npmmirror.com%2Fwhatwg-url%2Fdownload%2Fwhatwg-url-5.0.0.tgz#966454e8765462e37644d3626f6742ce8b70965d"
  integrity sha1-lmRU6HZUYuN2RNNib2dCzotwll0=
  dependencies:
    tr46 "~0.0.3"
    webidl-conversions "^3.0.0"

ws@7.4.6:
  version "7.4.6"
  resolved "https://registry.npmmirror.com/ws/download/ws-7.4.6.tgz?cache=0&sync_timestamp=1633200039582&other_urls=https%3A%2F%2Fregistry.npmmirror.com%2Fws%2Fdownload%2Fws-7.4.6.tgz#5654ca8ecdeee47c33a9a4bf6d28e2be2980377c"
  integrity sha1-VlTKjs3u5HwzqaS/bSjivimAN3w=
